
Microsoft Visual Studio Solution File, Format Version 12.00
# Visual Studio Version 17
VisualStudioVersion = 17.14.37516.0 d17.14
MinimumVisualStudioVersion = 10.0.40219.1
Project("{FAE04EC0-301F-11D3-BF4B-00C04F79EFBC}") = "SA_Pulse", "SA_Pulse.csproj", "{FFFDBCC8-6825-44DF-B20E-9E17D08594AA}"
EndProject
Global
	GlobalSection(SolutionConfigurationPlatforms) = preSolution
		Debug|Any CPU = Debug|Any CPU
		Release|Any CPU = Release|Any CPU
	EndGlobalSection
	GlobalSection(ProjectConfigurationPlatforms) = postSolution
		{FFFDBCC8-6825-44DF-B20E-9E17D08594AA}.Debug|Any CPU.ActiveCfg = Debug|Any CPU
		{FFFDBCC8-6825-44DF-B20E-9E17D08594AA}.Debug|Any CPU.Build.0 = Debug|Any CPU
		{FFFDBCC8-6825-44DF-B20E-9E17D08594AA}.Release|Any CPU.ActiveCfg = Release|Any CPU
		{FFFDBCC8-6825-44DF-B20E-9E17D08594AA}.Release|Any CPU.Build.0 = Release|Any CPU
	EndGlobalSection
	GlobalSection(SolutionProperties) = preSolution
		HideSolutionNode = FALSE
	EndGlobalSection
	GlobalSection(ExtensibilityGlobals) = postSolution
		SolutionGuid = {F012D894-E633-4770-9A40-29FC592897FA}
	EndGlobalSection
EndGlobal
